# generated by rye
# use `rye lock` or `rye sync` to update this lockfile
#
# last locked with the following flags:
#   pre: false
#   features: []
#   all-features: false
#   with-sources: false
#   generate-hashes: false
#   universal: false

-e file:.
annotated-types==0.7.0
    # via pydantic
anyio==4.11.0
    # via httpx
    # via starlette
    # via watchfiles
argon2-cffi==25.1.0
    # via minio
argon2-cffi-bindings==25.1.0
    # via argon2-cffi
certifi==2025.10.5
    # via httpcore
    # via httpx
    # via minio
cffi==2.0.0
    # via argon2-cffi-bindings
click==8.3.0
    # via uvicorn
colorama==0.4.6
    # via click
    # via loguru
    # via uvicorn
dnspython==2.8.0
    # via pymongo
duckdb==1.4.1
    # via vibe-coding
et-xmlfile==2.0.0
    # via openpyxl
exceptiongroup==1.3.0
    # via anyio
faker==37.11.0
    # via vibe-coding
fastapi==0.118.2
    # via vibe-coding
h11==0.16.0
    # via httpcore
    # via uvicorn
httpcore==1.0.9
    # via httpx
httptools==0.6.4
    # via uvicorn
httpx==0.28.1
    # via vibe-coding
idna==3.10
    # via anyio
    # via httpx
loguru==0.7.3
    # via vibe-coding
minio==7.2.18
    # via vibe-coding
motor==3.7.1
    # via vibe-coding
numpy==2.2.6
    # via pandas
openpyxl==3.1.5
    # via vibe-coding
pandas==2.3.3
    # via vibe-coding
pycparser==2.23
    # via cffi
pycryptodome==3.23.0
    # via minio
pydantic==2.12.0
    # via fastapi
    # via pydantic-settings
    # via vibe-coding
pydantic-core==2.41.1
    # via pydantic
pydantic-settings==2.11.0
    # via vibe-coding
pymongo==4.15.3
    # via motor
    # via vibe-coding
python-dateutil==2.9.0.post0
    # via pandas
python-dotenv==1.1.1
    # via pydantic-settings
    # via uvicorn
python-multipart==0.0.20
    # via vibe-coding
pytz==2025.2
    # via pandas
pyyaml==6.0.3
    # via uvicorn
six==1.17.0
    # via python-dateutil
sniffio==1.3.1
    # via anyio
starlette==0.48.0
    # via fastapi
typing-extensions==4.15.0
    # via anyio
    # via exceptiongroup
    # via fastapi
    # via minio
    # via pydantic
    # via pydantic-core
    # via starlette
    # via typing-inspection
    # via uvicorn
typing-inspection==0.4.2
    # via pydantic
    # via pydantic-settings
tzdata==2025.2
    # via faker
    # via pandas
urllib3==2.5.0
    # via minio
uvicorn==0.37.0
    # via vibe-coding
watchfiles==1.1.0
    # via uvicorn
websockets==15.0.1
    # via uvicorn
win32-setctime==1.2.0
    # via loguru
